
Microsoft Visual Studio Solution File, Format Version 12.00
# Visual Studio Version 17
VisualStudioVersion = 17.5.2.0
MinimumVisualStudioVersion = 10.0.40219.1
Project("{FAE04EC0-301F-11D3-BF4B-00C04F79EFBC}") = "JsonObjectHasher.Newtonsoft.Tests", "test\JsonObjectHasher.Newtonsoft.Tests\JsonObjectHasher.Newtonsoft.Tests.csproj", "{D254B4A2-0821-4141-8CB0-A9B9CFCF3F39}"
EndProject
Project("{FAE04EC0-301F-11D3-BF4B-00C04F79EFBC}") = "JsonObjectHasher", "src\JsonObjectHasher\JsonObjectHasher.csproj", "{4815F324-1E24-4B4F-97E7-433923CD24CF}"
EndProject
Project("{FAE04EC0-301F-11D3-BF4B-00C04F79EFBC}") = "JsonObjectHasher.Newtonsoft", "src\JsonObjectHasher.Newtonsoft\JsonObjectHasher.Newtonsoft.csproj", "{8911A961-BA5D-43D6-A08B-ED5347AD78DE}"
EndProject
Project("{2150E333-8FDC-42A3-9474-1A3956D46DE8}") = "src", "src", "{8B358BE8-5E24-4031-B41C-CF6C3ED6120E}"
EndProject
Project("{2150E333-8FDC-42A3-9474-1A3956D46DE8}") = "test", "test", "{D8FBC6C4-3481-4572-A7BC-510AA07CF74F}"
EndProject
Project("{FAE04EC0-301F-11D3-BF4B-00C04F79EFBC}") = "JsonObjectHasher.SystemTextJson", "src\JsonObjectHasher.SystemTextJson\JsonObjectHasher.SystemTextJson.csproj", "{8E51161C-73F3-4368-8A86-A215B995A16B}"
EndProject
Project("{FAE04EC0-301F-11D3-BF4B-00C04F79EFBC}") = "JsonObjectHasher.SystemTextJson.Tests", "test\JsonObjectHasher.SystemTextJson.Tests\JsonObjectHasher.SystemTextJson.Tests.csproj", "{9452613D-B54E-47DF-8643-BE462CB9FDDA}"
EndProject
Global
	GlobalSection(SolutionConfigurationPlatforms) = preSolution
		Debug|Any CPU = Debug|Any CPU
		Debug|x64 = Debug|x64
		Debug|x86 = Debug|x86
		Release|Any CPU = Release|Any CPU
		Release|x64 = Release|x64
		Release|x86 = Release|x86
	EndGlobalSection
	GlobalSection(ProjectConfigurationPlatforms) = postSolution
		{D254B4A2-0821-4141-8CB0-A9B9CFCF3F39}.Debug|Any CPU.ActiveCfg = Debug|Any CPU
		{D254B4A2-0821-4141-8CB0-A9B9CFCF3F39}.Debug|Any CPU.Build.0 = Debug|Any CPU
		{D254B4A2-0821-4141-8CB0-A9B9CFCF3F39}.Debug|x64.ActiveCfg = Debug|Any CPU
		{D254B4A2-0821-4141-8CB0-A9B9CFCF3F39}.Debug|x64.Build.0 = Debug|Any CPU
		{D254B4A2-0821-4141-8CB0-A9B9CFCF3F39}.Debug|x86.ActiveCfg = Debug|Any CPU
		{D254B4A2-0821-4141-8CB0-A9B9CFCF3F39}.Debug|x86.Build.0 = Debug|Any CPU
		{D254B4A2-0821-4141-8CB0-A9B9CFCF3F39}.Release|Any CPU.ActiveCfg = Release|Any CPU
		{D254B4A2-0821-4141-8CB0-A9B9CFCF3F39}.Release|Any CPU.Build.0 = Release|Any CPU
		{D254B4A2-0821-4141-8CB0-A9B9CFCF3F39}.Release|x64.ActiveCfg = Release|Any CPU
		{D254B4A2-0821-4141-8CB0-A9B9CFCF3F39}.Release|x64.Build.0 = Release|Any CPU
		{D254B4A2-0821-4141-8CB0-A9B9CFCF3F39}.Release|x86.ActiveCfg = Release|Any CPU
		{D254B4A2-0821-4141-8CB0-A9B9CFCF3F39}.Release|x86.Build.0 = Release|Any CPU
		{4815F324-1E24-4B4F-97E7-433923CD24CF}.Debug|Any CPU.ActiveCfg = Debug|Any CPU
		{4815F324-1E24-4B4F-97E7-433923CD24CF}.Debug|Any CPU.Build.0 = Debug|Any CPU
		{4815F324-1E24-4B4F-97E7-433923CD24CF}.Debug|x64.ActiveCfg = Debug|Any CPU
		{4815F324-1E24-4B4F-97E7-433923CD24CF}.Debug|x64.Build.0 = Debug|Any CPU
		{4815F324-1E24-4B4F-97E7-433923CD24CF}.Debug|x86.ActiveCfg = Debug|Any CPU
		{4815F324-1E24-4B4F-97E7-433923CD24CF}.Debug|x86.Build.0 = Debug|Any CPU
		{4815F324-1E24-4B4F-97E7-433923CD24CF}.Release|Any CPU.ActiveCfg = Release|Any CPU
		{4815F324-1E24-4B4F-97E7-433923CD24CF}.Release|Any CPU.Build.0 = Release|Any CPU
		{4815F324-1E24-4B4F-97E7-433923CD24CF}.Release|x64.ActiveCfg = Release|Any CPU
		{4815F324-1E24-4B4F-97E7-433923CD24CF}.Release|x64.Build.0 = Release|Any CPU
		{4815F324-1E24-4B4F-97E7-433923CD24CF}.Release|x86.ActiveCfg = Release|Any CPU
		{4815F324-1E24-4B4F-97E7-433923CD24CF}.Release|x86.Build.0 = Release|Any CPU
		{8911A961-BA5D-43D6-A08B-ED5347AD78DE}.Debug|Any CPU.ActiveCfg = Debug|Any CPU
		{8911A961-BA5D-43D6-A08B-ED5347AD78DE}.Debug|Any CPU.Build.0 = Debug|Any CPU
		{8911A961-BA5D-43D6-A08B-ED5347AD78DE}.Debug|x64.ActiveCfg = Debug|Any CPU
		{8911A961-BA5D-43D6-A08B-ED5347AD78DE}.Debug|x64.Build.0 = Debug|Any CPU
		{8911A961-BA5D-43D6-A08B-ED5347AD78DE}.Debug|x86.ActiveCfg = Debug|Any CPU
		{8911A961-BA5D-43D6-A08B-ED5347AD78DE}.Debug|x86.Build.0 = Debug|Any CPU
		{8911A961-BA5D-43D6-A08B-ED5347AD78DE}.Release|Any CPU.ActiveCfg = Release|Any CPU
		{8911A961-BA5D-43D6-A08B-ED5347AD78DE}.Release|Any CPU.Build.0 = Release|Any CPU
		{8911A961-BA5D-43D6-A08B-ED5347AD78DE}.Release|x64.ActiveCfg = Release|Any CPU
		{8911A961-BA5D-43D6-A08B-ED5347AD78DE}.Release|x64.Build.0 = Release|Any CPU
		{8911A961-BA5D-43D6-A08B-ED5347AD78DE}.Release|x86.ActiveCfg = Release|Any CPU
		{8911A961-BA5D-43D6-A08B-ED5347AD78DE}.Release|x86.Build.0 = Release|Any CPU
		{8E51161C-73F3-4368-8A86-A215B995A16B}.Debug|Any CPU.ActiveCfg = Debug|Any CPU
		{8E51161C-73F3-4368-8A86-A215B995A16B}.Debug|Any CPU.Build.0 = Debug|Any CPU
		{8E51161C-73F3-4368-8A86-A215B995A16B}.Debug|x64.ActiveCfg = Debug|Any CPU
		{8E51161C-73F3-4368-8A86-A215B995A16B}.Debug|x64.Build.0 = Debug|Any CPU
		{8E51161C-73F3-4368-8A86-A215B995A16B}.Debug|x86.ActiveCfg = Debug|Any CPU
		{8E51161C-73F3-4368-8A86-A215B995A16B}.Debug|x86.Build.0 = Debug|Any CPU
		{8E51161C-73F3-4368-8A86-A215B995A16B}.Release|Any CPU.ActiveCfg = Release|Any CPU
		{8E51161C-73F3-4368-8A86-A215B995A16B}.Release|Any CPU.Build.0 = Release|Any CPU
		{8E51161C-73F3-4368-8A86-A215B995A16B}.Release|x64.ActiveCfg = Release|Any CPU
		{8E51161C-73F3-4368-8A86-A215B995A16B}.Release|x64.Build.0 = Release|Any CPU
		{8E51161C-73F3-4368-8A86-A215B995A16B}.Release|x86.ActiveCfg = Release|Any CPU
		{8E51161C-73F3-4368-8A86-A215B995A16B}.Release|x86.Build.0 = Release|Any CPU
		{9452613D-B54E-47DF-8643-BE462CB9FDDA}.Debug|Any CPU.ActiveCfg = Debug|Any CPU
		{9452613D-B54E-47DF-8643-BE462CB9FDDA}.Debug|Any CPU.Build.0 = Debug|Any CPU
		{9452613D-B54E-47DF-8643-BE462CB9FDDA}.Debug|x64.ActiveCfg = Debug|Any CPU
		{9452613D-B54E-47DF-8643-BE462CB9FDDA}.Debug|x64.Build.0 = Debug|Any CPU
		{9452613D-B54E-47DF-8643-BE462CB9FDDA}.Debug|x86.ActiveCfg = Debug|Any CPU
		{9452613D-B54E-47DF-8643-BE462CB9FDDA}.Debug|x86.Build.0 = Debug|Any CPU
		{9452613D-B54E-47DF-8643-BE462CB9FDDA}.Release|Any CPU.ActiveCfg = Release|Any CPU
		{9452613D-B54E-47DF-8643-BE462CB9FDDA}.Release|Any CPU.Build.0 = Release|Any CPU
		{9452613D-B54E-47DF-8643-BE462CB9FDDA}.Release|x64.ActiveCfg = Release|Any CPU
		{9452613D-B54E-47DF-8643-BE462CB9FDDA}.Release|x64.Build.0 = Release|Any CPU
		{9452613D-B54E-47DF-8643-BE462CB9FDDA}.Release|x86.ActiveCfg = Release|Any CPU
		{9452613D-B54E-47DF-8643-BE462CB9FDDA}.Release|x86.Build.0 = Release|Any CPU
	EndGlobalSection
	GlobalSection(SolutionProperties) = preSolution
		HideSolutionNode = FALSE
	EndGlobalSection
	GlobalSection(NestedProjects) = preSolution
		{D254B4A2-0821-4141-8CB0-A9B9CFCF3F39} = {D8FBC6C4-3481-4572-A7BC-510AA07CF74F}
		{4815F324-1E24-4B4F-97E7-433923CD24CF} = {8B358BE8-5E24-4031-B41C-CF6C3ED6120E}
		{8911A961-BA5D-43D6-A08B-ED5347AD78DE} = {8B358BE8-5E24-4031-B41C-CF6C3ED6120E}
		{8E51161C-73F3-4368-8A86-A215B995A16B} = {8B358BE8-5E24-4031-B41C-CF6C3ED6120E}
		{9452613D-B54E-47DF-8643-BE462CB9FDDA} = {D8FBC6C4-3481-4572-A7BC-510AA07CF74F}
	EndGlobalSection
	GlobalSection(ExtensibilityGlobals) = postSolution
		SolutionGuid = {FADCC79C-B8E2-446E-8626-8DC2FE859EDF}
	EndGlobalSection
EndGlobal
